
Microsoft Visual Studio Solution File, Format Version 12.00
# Visual Studio 15
VisualStudioVersion = 15.0.26730.16
MinimumVisualStudioVersion = 10.0.40219.1
Project("{FAE04EC0-301F-11D3-BF4B-00C04F79EFBC}") = "CaliperSharp", "CaliperSharp\CaliperSharp.csproj", "{5DCF081B-13EE-4833-96D0-0A115F59A98E}"
EndProject
Global
	GlobalSection(SolutionConfigurationPlatforms) = preSolution
		Debug|Any CPU = Debug|Any CPU
		Release|Any CPU = Release|Any CPU
	EndGlobalSection
	GlobalSection(ProjectConfigurationPlatforms) = postSolution
		{5DCF081B-13EE-4833-96D0-0A115F59A98E}.Debug|Any CPU.ActiveCfg = Debug|Any CPU
		{5DCF081B-13EE-4833-96D0-0A115F59A98E}.Debug|Any CPU.Build.0 = Debug|Any CPU
		{5DCF081B-13EE-4833-96D0-0A115F59A98E}.Release|Any CPU.ActiveCfg = Debug|Any CPU
		{5DCF081B-13EE-4833-96D0-0A115F59A98E}.Release|Any CPU.Build.0 = Debug|Any CPU
	EndGlobalSection
	GlobalSection(SolutionProperties) = preSolution
		HideSolutionNode = FALSE
	EndGlobalSection
	GlobalSection(ExtensibilityGlobals) = postSolution
		SolutionGuid = {D42F5523-21F6-40A0-8443-BE940CDFD34F}
	EndGlobalSection
EndGlobal
